// !$*UTF8*$!
{
	archiveVersion = 1;
	classes = {
	};
	objectVersion = 77;
	objects = {

/* Begin PBXContainerItemProxy section */
		E4371E612FFBD4150022A92B /* PBXContainerItemProxy */ = {
			isa = PBXContainerItemProxy;
			containerPortal = E4371E472FFBD4140022A92B /* Project object */;
			proxyType = 1;
			remoteGlobalIDString = E4371E4E2FFBD4140022A92B;
			remoteInfo = AI_Journel;
		};
		E4371E6B2FFBD4150022A92B /* PBXContainerItemProxy */ = {
			isa = PBXContainerItemProxy;
			containerPortal = E4371E472FFBD4140022A92B /* Project object */;
			proxyType = 1;
			remoteGlobalIDString = E4371E4E2FFBD4140022A92B;
			remoteInfo = AI_Journel;
		};
/* End PBXContainerItemProxy section */

/* Begin PBXFileReference section */
		E4371E4F2FFBD4140022A92B /* AI_Journel.app */ = {isa = PBXFileReference; explicitFileType = wrapper.application; includeInIndex = 0; path = AI_Journel.app; sourceTree = BUILT_PRODUCTS_DIR; };
		E4371E602FFBD4150022A92B /* AI_JournelTests.xctest */ = {isa = PBXFileReference; explicitFileType = wrapper.cfbundle; includeInIndex = 0; path = AI_JournelTests.xctest; sourceTree = BUILT_PRODUCTS_DIR; };
		E4371E6A2FFBD4150022A92B /* AI_JournelUITests.xctest */ = {isa = PBXFileReference; explicitFileType = wrapper.cfbundle; includeInIndex = 0; path = AI_JournelUITests.xctest; sourceTree = BUILT_PRODUCTS_DIR; };
/* End PBXFileReference section */

/* Begin PBXFileSystemSynchronizedBuildFileExceptionSet section */
		E4371E722FFBD4150022A92B /* Exceptions for "AI_Journel" folder in "AI_Journel" target */ = {
			isa = PBXFileSystemSynchronizedBuildFileExceptionSet;
			membershipExceptions = (
				Info.plist,
			);
			target = E4371E4E2FFBD4140022A92B /* AI_Journel */;
		};
/* End PBXFileSystemSynchronizedBuildFileExceptionSet section */

/* Begin PBXFileSystemSynchronizedRootGroup section */
		E4371E512FFBD4140022A92B /* AI_Journel */ = {
			isa = PBXFileSystemSynchronizedRootGroup;
			exceptions = (
				E4371E722FFBD4150022A92B /* Exceptions for "AI_Journel" folder in "AI_Journel" target */,
			);
			path = AI_Journel;
			sourceTree = "<group>";
		};
		E4371E632FFBD4150022A92B /* AI_JournelTests */ = {
			isa = PBXFileSystemSynchronizedRootGroup;
			path = AI_JournelTests;
			sourceTree = "<group>";
		};
		E4371E6D2FFBD4150022A92B /* AI_JournelUITests */ = {
			isa = PBXFileSystemSynchronizedRootGroup;
			path = AI_JournelUITests;
			sourceTree = "<group>";
		};
/* End PBXFileSystemSynchronizedRootGroup section */

/* Begin PBXFrameworksBuildPhase section */
		E4371E4C2FFBD4140022A92B /* Frameworks */ = {
			isa = PBXFrameworksBuildPhase;
			buildActionMask = 2147483647;
			files = (
			);
			runOnlyForDeploymentPostprocessing = 0;
		};
		E4371E5D2FFBD4150022A92B /* Frameworks */ = {
			isa = PBXFrameworksBuildPhase;
			buildActionMask = 2147483647;
			files = (
			);
			runOnlyForDeploymentPostprocessing = 0;
		};
		E4371E672FFBD4150022A92B /* Frameworks */ = {
			isa = PBXFrameworksBuildPhase;
			buildActionMask = 2147483647;
			files = (
			);
			runOnlyForDeploymentPostprocessing = 0;
		};
/* End PBXFrameworksBuildPhase section */

/* Begin PBXGroup section */
		E4371E462FFBD4140022A92B = {
			isa = PBXGroup;
			children = (
				E4371E512FFBD4140022A92B /* AI_Journel */,
				E4371E632FFBD4150022A92B /* AI_JournelTests */,
				E4371E6D2FFBD4150022A92B /* AI_JournelUITests */,
				E4371E502FFBD4140022A92B /* Products */,
			);
			sourceTree = "<group>";
		};
		E4371E502FFBD4140022A92B /* Products */ = {
			isa = PBXGroup;
			children = (
				E4371E4F2FFBD4140022A92B /* AI_Journel.app */,
				E4371E602FFBD4150022A92B /* AI_JournelTests.xctest */,
				E4371E6A2FFBD4150022A92B /* AI_JournelUITests.xctest */,
			);
			name = Products;
			sourceTree = "<group>";
		};
/* End PBXGroup section */

/* Begin PBXNativeTarget section */
		E4371E4E2FFBD4140022A92B /* AI_Journel */ = {
			isa = PBXNativeTarget;
			buildConfigurationList = E4371E732FFBD4150022A92B /* Build configuration list for PBXNativeTarget "AI_Journel" */;
			buildPhases = (
				E4371E4B2FFBD4140022A92B /* Sources */,
				E4371E4C2FFBD4140022A92B /* Frameworks */,
				E4371E4D2FFBD4140022A92B /* Resources */,
			);
			buildRules = (
			);
			dependencies = (
			);
			fileSystemSynchronizedGroups = (
				E4371E512FFBD4140022A92B /* AI_Journel */,
			);
			name = AI_Journel;
			packageProductDependencies = (
			);
			productName = AI_Journel;
			productReference = E4371E4F2FFBD4140022A92B /* AI_Journel.app */;
			productType = "com.apple.product-type.application";
		};
		E4371E5F2FFBD4150022A92B /* AI_JournelTests */ = {
			isa = PBXNativeTarget;
			buildConfigurationList = E4371E782FFBD4150022A92B /* Build configuration list for PBXNativeTarget "AI_JournelTests" */;
			buildPhases = (
				E4371E5C2FFBD4150022A92B /* Sources */,
				E4371E5D2FFBD4150022A92B /* Frameworks */,
				E4371E5E2FFBD4150022A92B /* Resources */,
			);
			buildRules = (
			);
			dependencies = (
				E4371E622FFBD4150022A92B /* PBXTargetDependency */,
			);
			fileSystemSynchronizedGroups = (
				E4371E632FFBD4150022A92B /* AI_JournelTests */,
			);
			name = AI_JournelTests;
			packageProductDependencies = (
			);
			productName = AI_JournelTests;
			productReference = E4371E602FFBD4150022A92B /* AI_JournelTests.xctest */;
			productType = "com.apple.product-type.bundle.unit-test";
		};
		E4371E692FFBD4150022A92B /* AI_JournelUITests */ = {
			isa = PBXNativeTarget;
			buildConfigurationList = E4371E7B2FFBD4150022A92B /* Build configuration list for PBXNativeTarget "AI_JournelUITests" */;
			buildPhases = (
				E4371E662FFBD4150022A92B /* Sources */,
				E4371E672FFBD4150022A92B /* Frameworks */,
				E4371E682FFBD4150022A92B /* Resources */,
			);
			buildRules = (
			);
			dependencies = (
				E4371E6C2FFBD4150022A92B /* PBXTargetDependency */,
			);
			fileSystemSynchronizedGroups = (
				E4371E6D2FFBD4150022A92B /* AI_JournelUITests */,
			);
			name = AI_JournelUITests;
			packageProductDependencies = (
			);
			productName = AI_JournelUITests;
			productReference = E4371E6A2FFBD4150022A92B /* AI_JournelUITests.xctest */;
			productType = "com.apple.product-type.bundle.ui-testing";
		};
/* End PBXNativeTarget section */

/* Begin PBXProject section */
		E4371E472FFBD4140022A92B /* Project object */ = {
			isa = PBXProject;
			attributes = {
				BuildIndependentTargetsInParallel = 1;
				LastSwiftUpdateCheck = 1640;
				LastUpgradeCheck = 2700;
				TargetAttributes = {
					E4371E4E2FFBD4140022A92B = {
						CreatedOnToolsVersion = 16.4;
					};
					E4371E5F2FFBD4150022A92B = {
						CreatedOnToolsVersion = 16.4;
						TestTargetID = E4371E4E2FFBD4140022A92B;
					};
					E4371E692FFBD4150022A92B = {
						CreatedOnToolsVersion = 16.4;
						TestTargetID = E4371E4E2FFBD4140022A92B;
					};
				};
			};
			buildConfigurationList = E4371E4A2FFBD4140022A92B /* Build configuration list for PBXProject "AI_Journel" */;
			developmentRegion = en;
			hasScannedForEncodings = 0;
			knownRegions = (
				en,
				Base,
			);
			mainGroup = E4371E462FFBD4140022A92B;
			minimizedProjectReferenceProxies = 1;
			preferredProjectObjectVersion = 77;
			productRefGroup = E4371E502FFBD4140022A92B /* Products */;
			projectDirPath = "";
			projectRoot = "";
			targets = (
				E4371E4E2FFBD4140022A92B /* AI_Journel */,
				E4371E5F2FFBD4150022A92B /* AI_JournelTests */,
				E4371E692FFBD4150022A92B /* AI_JournelUITests */,
			);
		};
/* End PBXProject section */

/* Begin PBXResourcesBuildPhase section */
		E4371E4D2FFBD4140022A92B /* Resources */ = {
			isa = PBXResourcesBuildPhase;
			buildActionMask = 2147483647;
			files = (
			);
			runOnlyForDeploymentPostprocessing = 0;
		};
		E4371E5E2FFBD4150022A92B /* Resources */ = {
			isa = PBXResourcesBuildPhase;
			buildActionMask = 2147483647;
			files = (
			);
			runOnlyForDeploymentPostprocessing = 0;
		};
		E4371E682FFBD4150022A92B /* Resources */ = {
			isa = PBXResourcesBuildPhase;
			buildActionMask = 2147483647;
			files = (
			);
			runOnlyForDeploymentPostprocessing = 0;
		};
/* End PBXResourcesBuildPhase section */

/* Begin PBXSourcesBuildPhase section */
		E4371E4B2FFBD4140022A92B /* Sources */ = {
			isa = PBXSourcesBuildPhase;
			buildActionMask = 2147483647;
			files = (
			);
			runOnlyForDeploymentPostprocessing = 0;
		};
		E4371E5C2FFBD4150022A92B /* Sources */ = {
			isa = PBXSourcesBuildPhase;
			buildActionMask = 2147483647;
			files = (
			);
			runOnlyForDeploymentPostprocessing = 0;
		};
		E4371E662FFBD4150022A92B /* Sources */ = {
			isa = PBXSourcesBuildPhase;
			buildActionMask = 2147483647;
			files = (
			);
			runOnlyForDeploymentPostprocessing = 0;
		};
/* End PBXSourcesBuildPhase section */

/* Begin PBXTargetDependency section */
		E4371E622FFBD4150022A92B /* PBXTargetDependency */ = {
			isa = PBXTargetDependency;
			target = E4371E4E2FFBD4140022A92B /* AI_Journel */;
			targetProxy = E4371E612FFBD4150022A92B /* PBXContainerItemProxy */;
		};
		E4371E6C2FFBD4150022A92B /* PBXTargetDependency */ = {
			isa = PBXTargetDependency;
			target = E4371E4E2FFBD4140022A92B /* AI_Journel */;
			targetProxy = E4371E6B2FFBD4150022A92B /* PBXContainerItemProxy */;
		};
/* End PBXTargetDependency section */

/* Begin XCBuildConfiguration section */
		E4371E742FFBD4150022A92B /* Debug */ = {
			isa = XCBuildConfiguration;
			buildSettings = {
				ASSETCATALOG_COMPILER_APPICON_NAME = AppIcon;
				ASSETCATALOG_COMPILER_GLOBAL_ACCENT_COLOR_NAME = AccentColor;
				CODE_SIGN_ENTITLEMENTS = AI_Journel/AI_Journel.entitlements;
				CODE_SIGN_STYLE = Automatic;
				CURRENT_PROJECT_VERSION = 1;
				DEVELOPMENT_TEAM = 5G7NC8X3YU;
				ENABLE_PREVIEWS = YES;
				GENERATE_INFOPLIST_FILE = YES;
				INFOPLIST_FILE = AI_Journel/Info.plist;
				INFOPLIST_KEY_UIApplicationSceneManifest_Generation = YES;
				INFOPLIST_KEY_UIApplicationSupportsIndirectInputEvents = YES;
				INFOPLIST_KEY_UILaunchScreen_Generation = YES;
				INFOPLIST_KEY_UISupportedInterfaceOrientations = "UIInterfaceOrientationPortrait UIInterfaceOrientationPortraitUpsideDown";
				IPHONEOS_DEPLOYMENT_TARGET = 27.0;
				LD_RUNPATH_SEARCH_PATHS = (
					"$(inherited)",
					"@executable_path/Frameworks",
				);
				MARKETING_VERSION = 1.0;
				PRODUCT_BUNDLE_IDENTIFIER = "com.bk.AI-Journel";
				PRODUCT_NAME = "$(TARGET_NAME)";
				SWIFT_EMIT_LOC_STRINGS = YES;
				SWIFT_VERSION = 5.0;
				TARGETED_DEVICE_FAMILY = "1,2";
			};
			name = Debug;
		};
		E4371E752FFBD4150022A92B /* Release */ = {
			isa = XCBuildConfiguration;
			buildSettings = {
				ASSETCATALOG_COMPILER_APPICON_NAME = AppIcon;
				ASSETCATALOG_COMPILER_GLOBAL_ACCENT_COLOR_NAME = AccentColor;
				CODE_SIGN_ENTITLEMENTS = AI_Journel/AI_Journel.entitlements;
				CODE_SIGN_STYLE = Automatic;
				CURRENT_PROJECT_VERSION = 1;
				DEVELOPMENT_TEAM = 5G7NC8X3YU;
				ENABLE_PREVIEWS = YES;
				GENERATE_INFOPLIST_FILE = YES;
				INFOPLIST_FILE = AI_Journel/Info.plist;
				INFOPLIST_KEY_UIApplicationSceneManifest_Generation = YES;
				INFOPLIST_KEY_UIApplicationSupportsIndirectInputEvents = YES;
				INFOPLIST_KEY_UILaunchScreen_Generation = YES;
				INFOPLIST_KEY_UISupportedInterfaceOrientations = "UIInterfaceOrientationPortrait UIInterfaceOrientationPortraitUpsideDown";
				IPHONEOS_DEPLOYMENT_TARGET = 27.0;
				LD_RUNPATH_SEARCH_PATHS = (
					"$(inherited)",
					"@executable_path/Frameworks",
				);
				MARKETING_VERSION = 1.0;
				PRODUCT_BUNDLE_IDENTIFIER = "com.bk.AI-Journel";
				PRODUCT_NAME = "$(TARGET_NAME)";
				SWIFT_EMIT_LOC_STRINGS = YES;
				SWIFT_VERSION = 5.0;
				TARGETED_DEVICE_FAMILY = "1,2";
			};
			name = Release;
		};
		E4371E762FFBD4150022A92B /* Debug */ = {
			isa = XCBuildConfiguration;
			buildSettings = {
				ALWAYS_SEARCH_USER_PATHS = NO;
				ASSETCATALOG_COMPILER_GENERATE_SWIFT_ASSET_SYMBOL_EXTENSIONS = YES;
				CLANG_ANALYZER_NONNULL = YES;
				CLANG_ANALYZER_NUMBER_OBJECT_CONVERSION = YES_AGGRESSIVE;
				CLANG_CXX_LANGUAGE_STANDARD = "gnu++20";
				CLANG_ENABLE_MODULES = YES;
				CLANG_ENABLE_OBJC_ARC = YES;
				CLANG_ENABLE_OBJC_WEAK = YES;
				CLANG_WARN_BLOCK_CAPTURE_AUTORELEASING = YES;
				CLANG_WARN_BOOL_CONVERSION = YES;
				CLANG_WARN_COMMA = YES;
				CLANG_WARN_CONSTANT_CONVERSION = YES;
				CLANG_WARN_DEPRECATED_OBJC_IMPLEMENTATIONS = YES;
				CLANG_WARN_DIRECT_OBJC_ISA_USAGE = YES_ERROR;
				CLANG_WARN_DOCUMENTATION_COMMENTS = YES;
				CLANG_WARN_EMPTY_BODY = YES;
				CLANG_WARN_ENUM_CONVERSION = YES;
				CLANG_WARN_INFINITE_RECURSION = YES;
				CLANG_WARN_INT_CONVERSION = YES;
				CLANG_WARN_NON_LITERAL_NULL_CONVERSION = YES;
				CLANG_WARN_OBJC_IMPLICIT_RETAIN_SELF = YES;
				CLANG_WARN_OBJC_LITERAL_CONVERSION = YES;
				CLANG_WARN_OBJC_ROOT_CLASS = YES_ERROR;
				CLANG_WARN_QUOTED_INCLUDE_IN_FRAMEWORK_HEADER = YES;
				CLANG_WARN_RANGE_LOOP_ANALYSIS = YES;
				CLANG_WARN_STRICT_PROTOTYPES = YES;
				CLANG_WARN_SUSPICIOUS_MOVE = YES;
				CLANG_WARN_UNGUARDED_AVAILABILITY = YES_AGGRESSIVE;
				CLANG_WARN_UNREACHABLE_CODE = YES;
				CLANG_WARN__DUPLICATE_METHOD_MATCH = YES;
				COPY_PHASE_STRIP = NO;
				DEBUG_INFORMATION_FORMAT = dwarf;
				DEVELOPMENT_TEAM = 5G7NC8X3YU;
				ENABLE_STRICT_OBJC_MSGSEND = YES;
				ENABLE_TESTABILITY = YES;
				ENABLE_USER_SCRIPT_SANDBOXING = YES;
				GCC_C_LANGUAGE_STANDARD = gnu17;
				GCC_DYNAMIC_NO_PIC = NO;
				GCC_NO_COMMON_BLOCKS = YES;
				GCC_OPTIMIZATION_LEVEL = 0;
				GCC_PREPROCESSOR_DEFINITIONS = (
					"DEBUG=1",
					"$(inherited)",
				);
				GCC_WARN_64_TO_32_BIT_CONVERSION = YES;
				GCC_WARN_ABOUT_RETURN_TYPE = YES_ERROR;
				GCC_WARN_UNDECLARED_SELECTOR = YES;
				GCC_WARN_UNINITIALIZED_AUTOS = YES_AGGRESSIVE;
				GCC_WARN_UNUSED_FUNCTION = YES;
				GCC_WARN_UNUSED_VARIABLE = YES;
				IPHONEOS_DEPLOYMENT_TARGET = 27.0;
				LOCALIZATION_PREFERS_STRING_CATALOGS = YES;
				MTL_ENABLE_DEBUG_INFO = INCLUDE_SOURCE;
				MTL_FAST_MATH = YES;
				ONLY_ACTIVE_ARCH = YES;
				SDKROOT = iphoneos;
				STRING_CATALOG_GENERATE_SYMBOLS = YES;
				SWIFT_ACTIVE_COMPILATION_CONDITIONS = "DEBUG $(inherited)";
				SWIFT_OPTIMIZATION_LEVEL = "-Onone";
			};
			name = Debug;
		};
		E4371E772FFBD4150022A92B /* Release */ = {
			isa = XCBuildConfiguration;
			buildSettings = {
				ALWAYS_SEARCH_USER_PATHS = NO;
				ASSETCATALOG_COMPILER_GENERATE_SWIFT_ASSET_SYMBOL_EXTENSIONS = YES;
				CLANG_ANALYZER_NONNULL = YES;
				CLANG_ANALYZER_NUMBER_OBJECT_CONVERSION = YES_AGGRESSIVE;
				CLANG_CXX_LANGUAGE_STANDARD = "gnu++20";
				CLANG_ENABLE_MODULES = YES;
				CLANG_ENABLE_OBJC_ARC = YES;
				CLANG_ENABLE_OBJC_WEAK = YES;
				CLANG_WARN_BLOCK_CAPTURE_AUTORELEASING = YES;
				CLANG_WARN_BOOL_CONVERSION = YES;
				CLANG_WARN_COMMA = YES;
				CLANG_WARN_CONSTANT_CONVERSION = YES;
				CLANG_WARN_DEPRECATED_OBJC_IMPLEMENTATIONS = YES;
				CLANG_WARN_DIRECT_OBJC_ISA_USAGE = YES_ERROR;
				CLANG_WARN_DOCUMENTATION_COMMENTS = YES;
				CLANG_WARN_EMPTY_BODY = YES;
				CLANG_WARN_ENUM_CONVERSION = YES;
				CLANG_WARN_INFINITE_RECURSION = YES;
				CLANG_WARN_INT_CONVERSION = YES;
				CLANG_WARN_NON_LITERAL_NULL_CONVERSION = YES;
				CLANG_WARN_OBJC_IMPLICIT_RETAIN_SELF = YES;
				CLANG_WARN_OBJC_LITERAL_CONVERSION = YES;
				CLANG_WARN_OBJC_ROOT_CLASS = YES_ERROR;
				CLANG_WARN_QUOTED_INCLUDE_IN_FRAMEWORK_HEADER = YES;
				CLANG_WARN_RANGE_LOOP_ANALYSIS = YES;
				CLANG_WARN_STRICT_PROTOTYPES = YES;
				CLANG_WARN_SUSPICIOUS_MOVE = YES;
				CLANG_WARN_UNGUARDED_AVAILABILITY = YES_AGGRESSIVE;
				CLANG_WARN_UNREACHABLE_CODE = YES;
				CLANG_WARN__DUPLICATE_METHOD_MATCH = YES;
				COPY_PHASE_STRIP = NO;
				DEBUG_INFORMATION_FORMAT = "dwarf-with-dsym";
				DEVELOPMENT_TEAM = 5G7NC8X3YU;
				ENABLE_NS_ASSERTIONS = NO;
				ENABLE_STRICT_OBJC_MSGSEND = YES;
				ENABLE_USER_SCRIPT_SANDBOXING = YES;
				GCC_C_LANGUAGE_STANDARD = gnu17;
				GCC_NO_COMMON_BLOCKS = YES;
				GCC_WARN_64_TO_32_BIT_CONVERSION = YES;
				GCC_WARN_ABOUT_RETURN_TYPE = YES_ERROR;
				GCC_WARN_UNDECLARED_SELECTOR = YES;
				GCC_WARN_UNINITIALIZED_AUTOS = YES_AGGRESSIVE;
				GCC_WARN_UNUSED_FUNCTION = YES;
				GCC_WARN_UNUSED_VARIABLE = YES;
				IPHONEOS_DEPLOYMENT_TARGET = 27.0;
				LOCALIZATION_PREFERS_STRING_CATALOGS = YES;
				MTL_ENABLE_DEBUG_INFO = NO;
				MTL_FAST_MATH = YES;
				SDKROOT = iphoneos;
				STRING_CATALOG_GENERATE_SYMBOLS = YES;
				SWIFT_COMPILATION_MODE = wholemodule;
				VALIDATE_PRODUCT = YES;
			};
			name = Release;
		};
		E4371E792FFBD4150022A92B /* Debug */ = {
			isa = XCBuildConfiguration;
			buildSettings = {
				BUNDLE_LOADER = "$(TEST_HOST)";
				CODE_SIGN_STYLE = Automatic;
				CURRENT_PROJECT_VERSION = 1;
				DEVELOPMENT_TEAM = 5G7NC8X3YU;
				GENERATE_INFOPLIST_FILE = YES;
				IPHONEOS_DEPLOYMENT_TARGET = 27.0;
				MARKETING_VERSION = 1.0;
				PRODUCT_BUNDLE_IDENTIFIER = "com.bk.AI-JournelTests";
				PRODUCT_NAME = "$(TARGET_NAME)";
				SWIFT_EMIT_LOC_STRINGS = NO;
				SWIFT_VERSION = 5.0;
				TARGETED_DEVICE_FAMILY = "1,2";
				TEST_HOST = "$(BUILT_PRODUCTS_DIR)/AI_Journel.app/$(BUNDLE_EXECUTABLE_FOLDER_PATH)/AI_Journel";
			};
			name = Debug;
		};
		E4371E7A2FFBD4150022A92B /* Release */ = {
			isa = XCBuildConfiguration;
			buildSettings = {
				BUNDLE_LOADER = "$(TEST_HOST)";
				CODE_SIGN_STYLE = Automatic;
				CURRENT_PROJECT_VERSION = 1;
				DEVELOPMENT_TEAM = 5G7NC8X3YU;
				GENERATE_INFOPLIST_FILE = YES;
				IPHONEOS_DEPLOYMENT_TARGET = 27.0;
				MARKETING_VERSION = 1.0;
				PRODUCT_BUNDLE_IDENTIFIER = "com.bk.AI-JournelTests";
				PRODUCT_NAME = "$(TARGET_NAME)";
				SWIFT_EMIT_LOC_STRINGS = NO;
				SWIFT_VERSION = 5.0;
				TARGETED_DEVICE_FAMILY = "1,2";
				TEST_HOST = "$(BUILT_PRODUCTS_DIR)/AI_Journel.app/$(BUNDLE_EXECUTABLE_FOLDER_PATH)/AI_Journel";
			};
			name = Release;
		};
		E4371E7C2FFBD4150022A92B /* Debug */ = {
			isa = XCBuildConfiguration;
			buildSettings = {
				CODE_SIGN_STYLE = Automatic;
				CURRENT_PROJECT_VERSION = 1;
				DEVELOPMENT_TEAM = 5G7NC8X3YU;
				GENERATE_INFOPLIST_FILE = YES;
				MARKETING_VERSION = 1.0;
				PRODUCT_BUNDLE_IDENTIFIER = "com.bk.AI-JournelUITests";
				PRODUCT_NAME = "$(TARGET_NAME)";
				SWIFT_EMIT_LOC_STRINGS = NO;
				SWIFT_VERSION = 5.0;
				TARGETED_DEVICE_FAMILY = "1,2";
				TEST_TARGET_NAME = AI_Journel;
			};
			name = Debug;
		};
		E4371E7D2FFBD4150022A92B /* Release */ = {
			isa = XCBuildConfiguration;
			buildSettings = {
				CODE_SIGN_STYLE = Automatic;
				CURRENT_PROJECT_VERSION = 1;
				DEVELOPMENT_TEAM = 5G7NC8X3YU;
				GENERATE_INFOPLIST_FILE = YES;
				MARKETING_VERSION = 1.0;
				PRODUCT_BUNDLE_IDENTIFIER = "com.bk.AI-JournelUITests";
				PRODUCT_NAME = "$(TARGET_NAME)";
				SWIFT_EMIT_LOC_STRINGS = NO;
				SWIFT_VERSION = 5.0;
				TARGETED_DEVICE_FAMILY = "1,2";
				TEST_TARGET_NAME = AI_Journel;
			};
			name = Release;
		};
/* End XCBuildConfiguration section */

/* Begin XCConfigurationList section */
		E4371E4A2FFBD4140022A92B /* Build configuration list for PBXProject "AI_Journel" */ = {
			isa = XCConfigurationList;
			buildConfigurations = (
				E4371E762FFBD4150022A92B /* Debug */,
				E4371E772FFBD4150022A92B /* Release */,
			);
			defaultConfigurationIsVisible = 0;
			defaultConfigurationName = Release;
		};
		E4371E732FFBD4150022A92B /* Build configuration list for PBXNativeTarget "AI_Journel" */ = {
			isa = XCConfigurationList;
			buildConfigurations = (
				E4371E742FFBD4150022A92B /* Debug */,
				E4371E752FFBD4150022A92B /* Release */,
			);
			defaultConfigurationIsVisible = 0;
			defaultConfigurationName = Release;
		};
		E4371E782FFBD4150022A92B /* Build configuration list for PBXNativeTarget "AI_JournelTests" */ = {
			isa = XCConfigurationList;
			buildConfigurations = (
				E4371E792FFBD4150022A92B /* Debug */,
				E4371E7A2FFBD4150022A92B /* Release */,
			);
			defaultConfigurationIsVisible = 0;
			defaultConfigurationName = Release;
		};
		E4371E7B2FFBD4150022A92B /* Build configuration list for PBXNativeTarget "AI_JournelUITests" */ = {
			isa = XCConfigurationList;
			buildConfigurations = (
				E4371E7C2FFBD4150022A92B /* Debug */,
				E4371E7D2FFBD4150022A92B /* Release */,
			);
			defaultConfigurationIsVisible = 0;
			defaultConfigurationName = Release;
		};
/* End XCConfigurationList section */
	};
	rootObject = E4371E472FFBD4140022A92B /* Project object */;
}
